
Microsoft Visual Studio Solution File, Format Version 12.00
# Visual Studio Version 17
VisualStudioVersion = 17.11.35327.3
MinimumVisualStudioVersion = 10.0.40219.1
Project("{FAE04EC0-301F-11D3-BF4B-00C04F79EFBC}") = "productMicroservice.API", "productMicroservice.API.csproj", "{065D9FB0-213A-4E4F-BB03-468AD8BBE1B9}"
EndProject
Project("{FAE04EC0-301F-11D3-BF4B-00C04F79EFBC}") = "DataAcessLayer", "..\DataAcessLayer\DataAcessLayer.csproj", "{747F8132-4804-4629-8423-C9CD0CEF5806}"
EndProject
Project("{FAE04EC0-301F-11D3-BF4B-00C04F79EFBC}") = "BusinessLogicLayer", "..\BusinessLogicLayer\BusinessLogicLayer.csproj", "{7B770672-5D9A-44CB-99C5-4C9D93C68BCC}"
EndProject
Global
	GlobalSection(SolutionConfigurationPlatforms) = preSolution
		Debug|Any CPU = Debug|Any CPU
		Release|Any CPU = Release|Any CPU
	EndGlobalSection
	GlobalSection(ProjectConfigurationPlatforms) = postSolution
		{065D9FB0-213A-4E4F-BB03-468AD8BBE1B9}.Debug|Any CPU.ActiveCfg = Debug|Any CPU
		{065D9FB0-213A-4E4F-BB03-468AD8BBE1B9}.Debug|Any CPU.Build.0 = Debug|Any CPU
		{065D9FB0-213A-4E4F-BB03-468AD8BBE1B9}.Release|Any CPU.ActiveCfg = Release|Any CPU
		{065D9FB0-213A-4E4F-BB03-468AD8BBE1B9}.Release|Any CPU.Build.0 = Release|Any CPU
		{747F8132-4804-4629-8423-C9CD0CEF5806}.Debug|Any CPU.ActiveCfg = Debug|Any CPU
		{747F8132-4804-4629-8423-C9CD0CEF5806}.Debug|Any CPU.Build.0 = Debug|Any CPU
		{747F8132-4804-4629-8423-C9CD0CEF5806}.Release|Any CPU.ActiveCfg = Release|Any CPU
		{747F8132-4804-4629-8423-C9CD0CEF5806}.Release|Any CPU.Build.0 = Release|Any CPU
		{7B770672-5D9A-44CB-99C5-4C9D93C68BCC}.Debug|Any CPU.ActiveCfg = Debug|Any CPU
		{7B770672-5D9A-44CB-99C5-4C9D93C68BCC}.Debug|Any CPU.Build.0 = Debug|Any CPU
		{7B770672-5D9A-44CB-99C5-4C9D93C68BCC}.Release|Any CPU.ActiveCfg = Release|Any CPU
		{7B770672-5D9A-44CB-99C5-4C9D93C68BCC}.Release|Any CPU.Build.0 = Release|Any CPU
	EndGlobalSection
	GlobalSection(SolutionProperties) = preSolution
		HideSolutionNode = FALSE
	EndGlobalSection
	GlobalSection(ExtensibilityGlobals) = postSolution
		SolutionGuid = {03DC86B5-F44F-4D70-8FBF-0FFC586032F9}
	EndGlobalSection
EndGlobal
